
Microsoft Visual Studio Solution File, Format Version 12.00
# Visual Studio 15
VisualStudioVersion = 15.0.27130.2020
MinimumVisualStudioVersion = 10.0.40219.1
Project("{9A19103F-16F7-4668-BE54-9A1E7A4F7556}") = "UserIdentity", "UserIdentity\UserIdentity.csproj", "{C68B3F51-CC35-43AD-A3D0-6C54DA798798}"
EndProject
Project("{2150E333-8FDC-42A3-9474-1A3956D46DE8}") = "AdminSystem", "AdminSystem", "{C35DB247-056E-4ED5-8A38-5227E4554F73}"
EndProject
Project("{FAE04EC0-301F-11D3-BF4B-00C04F79EFBC}") = "AdminSystem.Api", "AdminSystem.Api\AdminSystem.Api.csproj", "{73059CD4-B129-491A-87EF-21888030C187}"
EndProject
Project("{FAE04EC0-301F-11D3-BF4B-00C04F79EFBC}") = "AdminSystem.Domain", "AdminSystem.Domain\AdminSystem.Domain.csproj", "{16AABD6E-9AA2-4599-BADD-3DC0D0DF5D21}"
EndProject
Project("{FAE04EC0-301F-11D3-BF4B-00C04F79EFBC}") = "AdminSystem.Infrastructure", "AdminSystem.Infrastructure\AdminSystem.Infrastructure.csproj", "{D44F977E-1C48-409C-9BB8-AE7B4880D469}"
EndProject
Project("{FAE04EC0-301F-11D3-BF4B-00C04F79EFBC}") = "AdminSystem.Application", "AdminSystem.Application\AdminSystem.Application.csproj", "{A21A7F9E-6423-4203-A7AB-8D65074C943C}"
EndProject
Global
	GlobalSection(SolutionConfigurationPlatforms) = preSolution
		Debug|Any CPU = Debug|Any CPU
		Release|Any CPU = Release|Any CPU
	EndGlobalSection
	GlobalSection(ProjectConfigurationPlatforms) = postSolution
		{C68B3F51-CC35-43AD-A3D0-6C54DA798798}.Debug|Any CPU.ActiveCfg = Debug|Any CPU
		{C68B3F51-CC35-43AD-A3D0-6C54DA798798}.Debug|Any CPU.Build.0 = Debug|Any CPU
		{C68B3F51-CC35-43AD-A3D0-6C54DA798798}.Release|Any CPU.ActiveCfg = Release|Any CPU
		{C68B3F51-CC35-43AD-A3D0-6C54DA798798}.Release|Any CPU.Build.0 = Release|Any CPU
		{73059CD4-B129-491A-87EF-21888030C187}.Debug|Any CPU.ActiveCfg = Debug|Any CPU
		{73059CD4-B129-491A-87EF-21888030C187}.Debug|Any CPU.Build.0 = Debug|Any CPU
		{73059CD4-B129-491A-87EF-21888030C187}.Release|Any CPU.ActiveCfg = Release|Any CPU
		{73059CD4-B129-491A-87EF-21888030C187}.Release|Any CPU.Build.0 = Release|Any CPU
		{16AABD6E-9AA2-4599-BADD-3DC0D0DF5D21}.Debug|Any CPU.ActiveCfg = Debug|Any CPU
		{16AABD6E-9AA2-4599-BADD-3DC0D0DF5D21}.Debug|Any CPU.Build.0 = Debug|Any CPU
		{16AABD6E-9AA2-4599-BADD-3DC0D0DF5D21}.Release|Any CPU.ActiveCfg = Release|Any CPU
		{16AABD6E-9AA2-4599-BADD-3DC0D0DF5D21}.Release|Any CPU.Build.0 = Release|Any CPU
		{D44F977E-1C48-409C-9BB8-AE7B4880D469}.Debug|Any CPU.ActiveCfg = Debug|Any CPU
		{D44F977E-1C48-409C-9BB8-AE7B4880D469}.Debug|Any CPU.Build.0 = Debug|Any CPU
		{D44F977E-1C48-409C-9BB8-AE7B4880D469}.Release|Any CPU.ActiveCfg = Release|Any CPU
		{D44F977E-1C48-409C-9BB8-AE7B4880D469}.Release|Any CPU.Build.0 = Release|Any CPU
		{A21A7F9E-6423-4203-A7AB-8D65074C943C}.Debug|Any CPU.ActiveCfg = Debug|Any CPU
		{A21A7F9E-6423-4203-A7AB-8D65074C943C}.Debug|Any CPU.Build.0 = Debug|Any CPU
		{A21A7F9E-6423-4203-A7AB-8D65074C943C}.Release|Any CPU.ActiveCfg = Release|Any CPU
		{A21A7F9E-6423-4203-A7AB-8D65074C943C}.Release|Any CPU.Build.0 = Release|Any CPU
	EndGlobalSection
	GlobalSection(SolutionProperties) = preSolution
		HideSolutionNode = FALSE
	EndGlobalSection
	GlobalSection(NestedProjects) = preSolution
		{73059CD4-B129-491A-87EF-21888030C187} = {C35DB247-056E-4ED5-8A38-5227E4554F73}
		{16AABD6E-9AA2-4599-BADD-3DC0D0DF5D21} = {C35DB247-056E-4ED5-8A38-5227E4554F73}
		{D44F977E-1C48-409C-9BB8-AE7B4880D469} = {C35DB247-056E-4ED5-8A38-5227E4554F73}
		{A21A7F9E-6423-4203-A7AB-8D65074C943C} = {C35DB247-056E-4ED5-8A38-5227E4554F73}
	EndGlobalSection
	GlobalSection(ExtensibilityGlobals) = postSolution
		SolutionGuid = {9DE4D406-4B64-4A4F-8BD8-7666A63724D0}
	EndGlobalSection
EndGlobal
